// !$*UTF8*$!
{
	archiveVersion = 1;
	classes = {
	};
	objectVersion = 55;
	objects = {

/* Begin PBXBuildFile section */
		F1D7149828C278CC0026660D /* h4x0rn3wzApp.swift in Sources */ = {isa = PBXBuildFile; fileRef = F1D7149728C278CC0026660D /* h4x0rn3wzApp.swift */; };
		F1D7149A28C278CC0026660D /* ContentView.swift in Sources */ = {isa = PBXBuildFile; fileRef = F1D7149928C278CC0026660D /* ContentView.swift */; };
		F1D7149C28C278CD0026660D /* Assets.xcassets in Resources */ = {isa = PBXBuildFile; fileRef = F1D7149B28C278CD0026660D /* Assets.xcassets */; };
		F1D7149F28C278CD0026660D /* Preview Assets.xcassets in Resources */ = {isa = PBXBuildFile; fileRef = F1D7149E28C278CD0026660D /* Preview Assets.xcassets */; };
		F1D714A728C27AEB0026660D /* NetManager.swift in Sources */ = {isa = PBXBuildFile; fileRef = F1D714A628C27AEB0026660D /* NetManager.swift */; };
		F1D714A928C27BA10026660D /* Post.swift in Sources */ = {isa = PBXBuildFile; fileRef = F1D714A828C27BA10026660D /* Post.swift */; };
		F1D714AE28C281280026660D /* DetailView.swift in Sources */ = {isa = PBXBuildFile; fileRef = F1D714AD28C281280026660D /* DetailView.swift */; };
		F1D714B028C283B90026660D /* WebView.swift in Sources */ = {isa = PBXBuildFile; fileRef = F1D714AF28C283B90026660D /* WebView.swift */; };
/* End PBXBuildFile section */

/* Begin PBXFileReference section */
		F1D7149428C278CC0026660D /* h4x0rn3wz.app */ = {isa = PBXFileReference; explicitFileType = wrapper.application; includeInIndex = 0; path = h4x0rn3wz.app; sourceTree = BUILT_PRODUCTS_DIR; };
		F1D7149728C278CC0026660D /* h4x0rn3wzApp.swift */ = {isa = PBXFileReference; lastKnownFileType = sourcecode.swift; path = h4x0rn3wzApp.swift; sourceTree = "<group>"; };
		F1D7149928C278CC0026660D /* ContentView.swift */ = {isa = PBXFileReference; lastKnownFileType = sourcecode.swift; path = ContentView.swift; sourceTree = "<group>"; };
		F1D7149B28C278CD0026660D /* Assets.xcassets */ = {isa = PBXFileReference; lastKnownFileType = folder.assetcatalog; path = Assets.xcassets; sourceTree = "<group>"; };
		F1D7149E28C278CD0026660D /* Preview Assets.xcassets */ = {isa = PBXFileReference; lastKnownFileType = folder.assetcatalog; path = "Preview Assets.xcassets"; sourceTree = "<group>"; };
		F1D714A628C27AEB0026660D /* NetManager.swift */ = {isa = PBXFileReference; lastKnownFileType = sourcecode.swift; path = NetManager.swift; sourceTree = "<group>"; };
		F1D714A828C27BA10026660D /* Post.swift */ = {isa = PBXFileReference; lastKnownFileType = sourcecode.swift; path = Post.swift; sourceTree = "<group>"; };
		F1D714AD28C281280026660D /* DetailView.swift */ = {isa = PBXFileReference; lastKnownFileType = sourcecode.swift; path = DetailView.swift; sourceTree = "<group>"; };
		F1D714AF28C283B90026660D /* WebView.swift */ = {isa = PBXFileReference; lastKnownFileType = sourcecode.swift; path = WebView.swift; sourceTree = "<group>"; };
/* End PBXFileReference section */

/* Begin PBXFrameworksBuildPhase section */
		F1D7149128C278CC0026660D /* Frameworks */ = {
			isa = PBXFrameworksBuildPhase;
			buildActionMask = 2147483647;
			files = (
			);
			runOnlyForDeploymentPostprocessing = 0;
		};
/* End PBXFrameworksBuildPhase section */

/* Begin PBXGroup section */
		F1D7148B28C278CC0026660D = {
			isa = PBXGroup;
			children = (
				F1D7149628C278CC0026660D /* h4x0rn3wz */,
				F1D7149528C278CC0026660D /* Products */,
			);
			sourceTree = "<group>";
		};
		F1D7149528C278CC0026660D /* Products */ = {
			isa = PBXGroup;
			children = (
				F1D7149428C278CC0026660D /* h4x0rn3wz.app */,
			);
			name = Products;
			sourceTree = "<group>";
		};
		F1D7149628C278CC0026660D /* h4x0rn3wz */ = {
			isa = PBXGroup;
			children = (
				F1D714AA28C280EF0026660D /* View */,
				F1D714A528C27AE20026660D /* Models */,
				F1D7149728C278CC0026660D /* h4x0rn3wzApp.swift */,
				F1D7149B28C278CD0026660D /* Assets.xcassets */,
				F1D7149D28C278CD0026660D /* Preview Content */,
			);
			path = h4x0rn3wz;
			sourceTree = "<group>";
		};
		F1D7149D28C278CD0026660D /* Preview Content */ = {
			isa = PBXGroup;
			children = (
				F1D7149E28C278CD0026660D /* Preview Assets.xcassets */,
			);
			path = "Preview Content";
			sourceTree = "<group>";
		};
		F1D714A528C27AE20026660D /* Models */ = {
			isa = PBXGroup;
			children = (
				F1D714A628C27AEB0026660D /* NetManager.swift */,
				F1D714A828C27BA10026660D /* Post.swift */,
			);
			path = Models;
			sourceTree = "<group>";
		};
		F1D714AA28C280EF0026660D /* View */ = {
			isa = PBXGroup;
			children = (
				F1D7149928C278CC0026660D /* ContentView.swift */,
				F1D714AD28C281280026660D /* DetailView.swift */,
				F1D714AF28C283B90026660D /* WebView.swift */,
			);
			path = View;
			sourceTree = "<group>";
		};
/* End PBXGroup section */

/* Begin PBXNativeTarget section */
		F1D7149328C278CC0026660D /* h4x0rn3wz */ = {
			isa = PBXNativeTarget;
			buildConfigurationList = F1D714A228C278CD0026660D /* Build configuration list for PBXNativeTarget "h4x0rn3wz" */;
			buildPhases = (
				F1D7149028C278CC0026660D /* Sources */,
				F1D7149128C278CC0026660D /* Frameworks */,
				F1D7149228C278CC0026660D /* Resources */,
			);
			buildRules = (
			);
			dependencies = (
			);
			name = h4x0rn3wz;
			productName = h4x0rn3wz;
			productReference = F1D7149428C278CC0026660D /* h4x0rn3wz.app */;
			productType = "com.apple.product-type.application";
		};
/* End PBXNativeTarget section */

/* Begin PBXProject section */
		F1D7148C28C278CC0026660D /* Project object */ = {
			isa = PBXProject;
			attributes = {
				BuildIndependentTargetsInParallel = 1;
				LastSwiftUpdateCheck = 1340;
				LastUpgradeCheck = 1340;
				TargetAttributes = {
					F1D7149328C278CC0026660D = {
						CreatedOnToolsVersion = 13.4.1;
					};
				};
			};
			buildConfigurationList = F1D7148F28C278CC0026660D /* Build configuration list for PBXProject "h4x0rn3wz" */;
			compatibilityVersion = "Xcode 13.0";
			developmentRegion = en;
			hasScannedForEncodings = 0;
			knownRegions = (
				en,
				Base,
			);
			mainGroup = F1D7148B28C278CC0026660D;
			productRefGroup = F1D7149528C278CC0026660D /* Products */;
			projectDirPath = "";
			projectRoot = "";
			targets = (
				F1D7149328C278CC0026660D /* h4x0rn3wz */,
			);
		};
/* End PBXProject section */

/* Begin PBXResourcesBuildPhase section */
		F1D7149228C278CC0026660D /* Resources */ = {
			isa = PBXResourcesBuildPhase;
			buildActionMask = 2147483647;
			files = (
				F1D7149F28C278CD0026660D /* Preview Assets.xcassets in Resources */,
				F1D7149C28C278CD0026660D /* Assets.xcassets in Resources */,
			);
			runOnlyForDeploymentPostprocessing = 0;
		};
/* End PBXResourcesBuildPhase section */

/* Begin PBXSourcesBuildPhase section */
		F1D7149028C278CC0026660D /* Sources */ = {
			isa = PBXSourcesBuildPhase;
			buildActionMask = 2147483647;
			files = (
				F1D7149A28C278CC0026660D /* ContentView.swift in Sources */,
				F1D714A728C27AEB0026660D /* NetManager.swift in Sources */,
				F1D7149828C278CC0026660D /* h4x0rn3wzApp.swift in Sources */,
				F1D714B028C283B90026660D /* WebView.swift in Sources */,
				F1D714AE28C281280026660D /* DetailView.swift in Sources */,
				F1D714A928C27BA10026660D /* Post.swift in Sources */,
			);
			runOnlyForDeploymentPostprocessing = 0;
		};
/* End PBXSourcesBuildPhase section */

/* Begin XCBuildConfiguration section */
		F1D714A028C278CD0026660D /* Debug */ = {
			isa = XCBuildConfiguration;
			buildSettings = {
				ALWAYS_SEARCH_USER_PATHS = NO;
				CLANG_ANALYZER_NONNULL = YES;
				CLANG_ANALYZER_NUMBER_OBJECT_CONVERSION = YES_AGGRESSIVE;
				CLANG_CXX_LANGUAGE_STANDARD = "gnu++17";
				CLANG_ENABLE_MODULES = YES;
				CLANG_ENABLE_OBJC_ARC = YES;
				CLANG_ENABLE_OBJC_WEAK = YES;
				CLANG_WARN_BLOCK_CAPTURE_AUTORELEASING = YES;
				CLANG_WARN_BOOL_CONVERSION = YES;
				CLANG_WARN_COMMA = YES;
				CLANG_WARN_CONSTANT_CONVERSION = YES;
				CLANG_WARN_DEPRECATED_OBJC_IMPLEMENTATIONS = YES;
				CLANG_WARN_DIRECT_OBJC_ISA_USAGE = YES_ERROR;
				CLANG_WARN_DOCUMENTATION_COMMENTS = YES;
				CLANG_WARN_EMPTY_BODY = YES;
				CLANG_WARN_ENUM_CONVERSION = YES;
				CLANG_WARN_INFINITE_RECURSION = YES;
				CLANG_WARN_INT_CONVERSION = YES;
				CLANG_WARN_NON_LITERAL_NULL_CONVERSION = YES;
				CLANG_WARN_OBJC_IMPLICIT_RETAIN_SELF = YES;
				CLANG_WARN_OBJC_LITERAL_CONVERSION = YES;
				CLANG_WARN_OBJC_ROOT_CLASS = YES_ERROR;
				CLANG_WARN_QUOTED_INCLUDE_IN_FRAMEWORK_HEADER = YES;
				CLANG_WARN_RANGE_LOOP_ANALYSIS = YES;
				CLANG_WARN_STRICT_PROTOTYPES = YES;
				CLANG_WARN_SUSPICIOUS_MOVE = YES;
				CLANG_WARN_UNGUARDED_AVAILABILITY = YES_AGGRESSIVE;
				CLANG_WARN_UNREACHABLE_CODE = YES;
				CLANG_WARN__DUPLICATE_METHOD_MATCH = YES;
				COPY_PHASE_STRIP = NO;
				DEBUG_INFORMATION_FORMAT = dwarf;
				ENABLE_STRICT_OBJC_MSGSEND = YES;
				ENABLE_TESTABILITY = YES;
				GCC_C_LANGUAGE_STANDARD = gnu11;
				GCC_DYNAMIC_NO_PIC = NO;
				GCC_NO_COMMON_BLOCKS = YES;
				GCC_OPTIMIZATION_LEVEL = 0;
				GCC_PREPROCESSOR_DEFINITIONS = (
					"DEBUG=1",
					"$(inherited)",
				);
				GCC_WARN_64_TO_32_BIT_CONVERSION = YES;
				GCC_WARN_ABOUT_RETURN_TYPE = YES_ERROR;
				GCC_WARN_UNDECLARED_SELECTOR = YES;
				GCC_WARN_UNINITIALIZED_AUTOS = YES_AGGRESSIVE;
				GCC_WARN_UNUSED_FUNCTION = YES;
				GCC_WARN_UNUSED_VARIABLE = YES;
				IPHONEOS_DEPLOYMENT_TARGET = 15.5;
				MTL_ENABLE_DEBUG_INFO = INCLUDE_SOURCE;
				MTL_FAST_MATH = YES;
				ONLY_ACTIVE_ARCH = YES;
				SDKROOT = iphoneos;
				SWIFT_ACTIVE_COMPILATION_CONDITIONS = DEBUG;
				SWIFT_OPTIMIZATION_LEVEL = "-Onone";
			};
			name = Debug;
		};
		F1D714A128C278CD0026660D /* Release */ = {
			isa = XCBuildConfiguration;
			buildSettings = {
				ALWAYS_SEARCH_USER_PATHS = NO;
				CLANG_ANALYZER_NONNULL = YES;
				CLANG_ANALYZER_NUMBER_OBJECT_CONVERSION = YES_AGGRESSIVE;
				CLANG_CXX_LANGUAGE_STANDARD = "gnu++17";
				CLANG_ENABLE_MODULES = YES;
				CLANG_ENABLE_OBJC_ARC = YES;
				CLANG_ENABLE_OBJC_WEAK = YES;
				CLANG_WARN_BLOCK_CAPTURE_AUTORELEASING = YES;
				CLANG_WARN_BOOL_CONVERSION = YES;
				CLANG_WARN_COMMA = YES;
				CLANG_WARN_CONSTANT_CONVERSION = YES;
				CLANG_WARN_DEPRECATED_OBJC_IMPLEMENTATIONS = YES;
				CLANG_WARN_DIRECT_OBJC_ISA_USAGE = YES_ERROR;
				CLANG_WARN_DOCUMENTATION_COMMENTS = YES;
				CLANG_WARN_EMPTY_BODY = YES;
				CLANG_WARN_ENUM_CONVERSION = YES;
				CLANG_WARN_INFINITE_RECURSION = YES;
				CLANG_WARN_INT_CONVERSION = YES;
				CLANG_WARN_NON_LITERAL_NULL_CONVERSION = YES;
				CLANG_WARN_OBJC_IMPLICIT_RETAIN_SELF = YES;
				CLANG_WARN_OBJC_LITERAL_CONVERSION = YES;
				CLANG_WARN_OBJC_ROOT_CLASS = YES_ERROR;
				CLANG_WARN_QUOTED_INCLUDE_IN_FRAMEWORK_HEADER = YES;
				CLANG_WARN_RANGE_LOOP_ANALYSIS = YES;
				CLANG_WARN_STRICT_PROTOTYPES = YES;
				CLANG_WARN_SUSPICIOUS_MOVE = YES;
				CLANG_WARN_UNGUARDED_AVAILABILITY = YES_AGGRESSIVE;
				CLANG_WARN_UNREACHABLE_CODE = YES;
				CLANG_WARN__DUPLICATE_METHOD_MATCH = YES;
				COPY_PHASE_STRIP = NO;
				DEBUG_INFORMATION_FORMAT = "dwarf-with-dsym";
				ENABLE_NS_ASSERTIONS = NO;
				ENABLE_STRICT_OBJC_MSGSEND = YES;
				GCC_C_LANGUAGE_STANDARD = gnu11;
				GCC_NO_COMMON_BLOCKS = YES;
				GCC_WARN_64_TO_32_BIT_CONVERSION = YES;
				GCC_WARN_ABOUT_RETURN_TYPE = YES_ERROR;
				GCC_WARN_UNDECLARED_SELECTOR = YES;
				GCC_WARN_UNINITIALIZED_AUTOS = YES_AGGRESSIVE;
				GCC_WARN_UNUSED_FUNCTION = YES;
				GCC_WARN_UNUSED_VARIABLE = YES;
				IPHONEOS_DEPLOYMENT_TARGET = 15.5;
				MTL_ENABLE_DEBUG_INFO = NO;
				MTL_FAST_MATH = YES;
				SDKROOT = iphoneos;
				SWIFT_COMPILATION_MODE = wholemodule;
				SWIFT_OPTIMIZATION_LEVEL = "-O";
				VALIDATE_PRODUCT = YES;
			};
			name = Release;
		};
		F1D714A328C278CD0026660D /* Debug */ = {
			isa = XCBuildConfiguration;
			buildSettings = {
				ASSETCATALOG_COMPILER_APPICON_NAME = AppIcon;
				ASSETCATALOG_COMPILER_GLOBAL_ACCENT_COLOR_NAME = AccentColor;
				CODE_SIGN_STYLE = Automatic;
				CURRENT_PROJECT_VERSION = 1;
				DEVELOPMENT_ASSET_PATHS = "\"h4x0rn3wz/Preview Content\"";
				DEVELOPMENT_TEAM = P7GGXARLQQ;
				ENABLE_PREVIEWS = YES;
				GENERATE_INFOPLIST_FILE = YES;
				INFOPLIST_KEY_UIApplicationSceneManifest_Generation = YES;
				INFOPLIST_KEY_UIApplicationSupportsIndirectInputEvents = YES;
				INFOPLIST_KEY_UILaunchScreen_Generation = YES;
				INFOPLIST_KEY_UISupportedInterfaceOrientations_iPad = "UIInterfaceOrientationPortrait UIInterfaceOrientationPortraitUpsideDown UIInterfaceOrientationLandscapeLeft UIInterfaceOrientationLandscapeRight";
				INFOPLIST_KEY_UISupportedInterfaceOrientations_iPhone = "UIInterfaceOrientationPortrait UIInterfaceOrientationLandscapeLeft UIInterfaceOrientationLandscapeRight";
				LD_RUNPATH_SEARCH_PATHS = (
					"$(inherited)",
					"@executable_path/Frameworks",
				);
				MARKETING_VERSION = 1.0;
				PRODUCT_BUNDLE_IDENTIFIER = com.learnios.h4x0rn3wz;
				PRODUCT_NAME = "$(TARGET_NAME)";
				SWIFT_EMIT_LOC_STRINGS = YES;
				SWIFT_VERSION = 5.0;
				TARGETED_DEVICE_FAMILY = "1,2";
			};
			name = Debug;
		};
		F1D714A428C278CD0026660D /* Release */ = {
			isa = XCBuildConfiguration;
			buildSettings = {
				ASSETCATALOG_COMPILER_APPICON_NAME = AppIcon;
				ASSETCATALOG_COMPILER_GLOBAL_ACCENT_COLOR_NAME = AccentColor;
				CODE_SIGN_STYLE = Automatic;
				CURRENT_PROJECT_VERSION = 1;
				DEVELOPMENT_ASSET_PATHS = "\"h4x0rn3wz/Preview Content\"";
				DEVELOPMENT_TEAM = P7GGXARLQQ;
				ENABLE_PREVIEWS = YES;
				GENERATE_INFOPLIST_FILE = YES;
				INFOPLIST_KEY_UIApplicationSceneManifest_Generation = YES;
				INFOPLIST_KEY_UIApplicationSupportsIndirectInputEvents = YES;
				INFOPLIST_KEY_UILaunchScreen_Generation = YES;
				INFOPLIST_KEY_UISupportedInterfaceOrientations_iPad = "UIInterfaceOrientationPortrait UIInterfaceOrientationPortraitUpsideDown UIInterfaceOrientationLandscapeLeft UIInterfaceOrientationLandscapeRight";
				INFOPLIST_KEY_UISupportedInterfaceOrientations_iPhone = "UIInterfaceOrientationPortrait UIInterfaceOrientationLandscapeLeft UIInterfaceOrientationLandscapeRight";
				LD_RUNPATH_SEARCH_PATHS = (
					"$(inherited)",
					"@executable_path/Frameworks",
				);
				MARKETING_VERSION = 1.0;
				PRODUCT_BUNDLE_IDENTIFIER = com.learnios.h4x0rn3wz;
				PRODUCT_NAME = "$(TARGET_NAME)";
				SWIFT_EMIT_LOC_STRINGS = YES;
				SWIFT_VERSION = 5.0;
				TARGETED_DEVICE_FAMILY = "1,2";
			};
			name = Release;
		};
/* End XCBuildConfiguration section */

/* Begin XCConfigurationList section */
		F1D7148F28C278CC0026660D /* Build configuration list for PBXProject "h4x0rn3wz" */ = {
			isa = XCConfigurationList;
			buildConfigurations = (
				F1D714A028C278CD0026660D /* Debug */,
				F1D714A128C278CD0026660D /* Release */,
			);
			defaultConfigurationIsVisible = 0;
			defaultConfigurationName = Release;
		};
		F1D714A228C278CD0026660D /* Build configuration list for PBXNativeTarget "h4x0rn3wz" */ = {
			isa = XCConfigurationList;
			buildConfigurations = (
				F1D714A328C278CD0026660D /* Debug */,
				F1D714A428C278CD0026660D /* Release */,
			);
			defaultConfigurationIsVisible = 0;
			defaultConfigurationName = Release;
		};
/* End XCConfigurationList section */
	};
	rootObject = F1D7148C28C278CC0026660D /* Project object */;
}
